
Microsoft Visual Studio Solution File, Format Version 12.00
# Visual Studio 14
VisualStudioVersion = 14.0.25420.1
MinimumVisualStudioVersion = 10.0.40219.1
Project("{FAE04EC0-301F-11D3-BF4B-00C04F79EFBC}") = "Reader", "EpubReaderXamarinForms\EpubReaderXamarinForms\Reader.csproj", "{5C561933-CBC6-41A2-94B9-48505119CF00}"
EndProject
Project("{FAE04EC0-301F-11D3-BF4B-00C04F79EFBC}") = "Reader.Droid", "EpubReaderXamarinForms\EpubReaderXamarinForms.Droid\Reader.Droid.csproj", "{FB93FB08-5F02-45F0-81C5-03B35E16C167}"
EndProject
Project("{FAE04EC0-301F-11D3-BF4B-00C04F79EFBC}") = "Reader.iOS", "EpubReaderXamarinForms\EpubReaderXamarinForms.iOS\Reader.iOS.csproj", "{2C88587E-3886-4AC1-8528-2CD303AA8089}"
EndProject
Project("{FAE04EC0-301F-11D3-BF4B-00C04F79EFBC}") = "Reader.WinPhone", "EpubReaderXamarinForms\EpubReaderXamarinForms.WinPhone\Reader.WinPhone.csproj", "{11E99F89-3FCF-4042-A626-F2780246B143}"
EndProject
Project("{FAE04EC0-301F-11D3-BF4B-00C04F79EFBC}") = "Reader.Windows", "EpubReaderXamarinForms\EpubReaderXamarinForms.Windows\Reader.Windows.csproj", "{BFB20963-083B-40C1-804B-953FEB99550B}"
EndProject
Global
	GlobalSection(SolutionConfigurationPlatforms) = preSolution
		Ad-Hoc|Any CPU = Ad-Hoc|Any CPU
		Ad-Hoc|ARM = Ad-Hoc|ARM
		Ad-Hoc|iPhone = Ad-Hoc|iPhone
		Ad-Hoc|iPhoneSimulator = Ad-Hoc|iPhoneSimulator
		Ad-Hoc|x64 = Ad-Hoc|x64
		Ad-Hoc|x86 = Ad-Hoc|x86
		AppStore|Any CPU = AppStore|Any CPU
		AppStore|ARM = AppStore|ARM
		AppStore|iPhone = AppStore|iPhone
		AppStore|iPhoneSimulator = AppStore|iPhoneSimulator
		AppStore|x64 = AppStore|x64
		AppStore|x86 = AppStore|x86
		Debug|Any CPU = Debug|Any CPU
		Debug|ARM = Debug|ARM
		Debug|iPhone = Debug|iPhone
		Debug|iPhoneSimulator = Debug|iPhoneSimulator
		Debug|x64 = Debug|x64
		Debug|x86 = Debug|x86
		Release|Any CPU = Release|Any CPU
		Release|ARM = Release|ARM
		Release|iPhone = Release|iPhone
		Release|iPhoneSimulator = Release|iPhoneSimulator
		Release|x64 = Release|x64
		Release|x86 = Release|x86
	EndGlobalSection
	GlobalSection(ProjectConfigurationPlatforms) = postSolution
		{5C561933-CBC6-41A2-94B9-48505119CF00}.Ad-Hoc|Any CPU.ActiveCfg = Release|Any CPU
		{5C561933-CBC6-41A2-94B9-48505119CF00}.Ad-Hoc|Any CPU.Build.0 = Release|Any CPU
		{5C561933-CBC6-41A2-94B9-48505119CF00}.Ad-Hoc|ARM.ActiveCfg = Release|Any CPU
		{5C561933-CBC6-41A2-94B9-48505119CF00}.Ad-Hoc|ARM.Build.0 = Release|Any CPU
		{5C561933-CBC6-41A2-94B9-48505119CF00}.Ad-Hoc|iPhone.ActiveCfg = Release|Any CPU
		{5C561933-CBC6-41A2-94B9-48505119CF00}.Ad-Hoc|iPhone.Build.0 = Release|Any CPU
		{5C561933-CBC6-41A2-94B9-48505119CF00}.Ad-Hoc|iPhoneSimulator.ActiveCfg = Release|Any CPU
		{5C561933-CBC6-41A2-94B9-48505119CF00}.Ad-Hoc|iPhoneSimulator.Build.0 = Release|Any CPU
		{5C561933-CBC6-41A2-94B9-48505119CF00}.Ad-Hoc|x64.ActiveCfg = Release|Any CPU
		{5C561933-CBC6-41A2-94B9-48505119CF00}.Ad-Hoc|x64.Build.0 = Release|Any CPU
		{5C561933-CBC6-41A2-94B9-48505119CF00}.Ad-Hoc|x86.ActiveCfg = Release|Any CPU
		{5C561933-CBC6-41A2-94B9-48505119CF00}.Ad-Hoc|x86.Build.0 = Release|Any CPU
		{5C561933-CBC6-41A2-94B9-48505119CF00}.AppStore|Any CPU.ActiveCfg = Release|Any CPU
		{5C561933-CBC6-41A2-94B9-48505119CF00}.AppStore|Any CPU.Build.0 = Release|Any CPU
		{5C561933-CBC6-41A2-94B9-48505119CF00}.AppStore|ARM.ActiveCfg = Release|Any CPU
		{5C561933-CBC6-41A2-94B9-48505119CF00}.AppStore|ARM.Build.0 = Release|Any CPU
		{5C561933-CBC6-41A2-94B9-48505119CF00}.AppStore|iPhone.ActiveCfg = Release|Any CPU
		{5C561933-CBC6-41A2-94B9-48505119CF00}.AppStore|iPhone.Build.0 = Release|Any CPU
		{5C561933-CBC6-41A2-94B9-48505119CF00}.AppStore|iPhoneSimulator.ActiveCfg = Release|Any CPU
		{5C561933-CBC6-41A2-94B9-48505119CF00}.AppStore|iPhoneSimulator.Build.0 = Release|Any CPU
		{5C561933-CBC6-41A2-94B9-48505119CF00}.AppStore|x64.ActiveCfg = Release|Any CPU
		{5C561933-CBC6-41A2-94B9-48505119CF00}.AppStore|x64.Build.0 = Release|Any CPU
		{5C561933-CBC6-41A2-94B9-48505119CF00}.AppStore|x86.ActiveCfg = Release|Any CPU
		{5C561933-CBC6-41A2-94B9-48505119CF00}.AppStore|x86.Build.0 = Release|Any CPU
		{5C561933-CBC6-41A2-94B9-48505119CF00}.Debug|Any CPU.ActiveCfg = Debug|Any CPU
		{5C561933-CBC6-41A2-94B9-48505119CF00}.Debug|Any CPU.Build.0 = Debug|Any CPU
		{5C561933-CBC6-41A2-94B9-48505119CF00}.Debug|ARM.ActiveCfg = Debug|Any CPU
		{5C561933-CBC6-41A2-94B9-48505119CF00}.Debug|ARM.Build.0 = Debug|Any CPU
		{5C561933-CBC6-41A2-94B9-48505119CF00}.Debug|iPhone.ActiveCfg = Debug|Any CPU
		{5C561933-CBC6-41A2-94B9-48505119CF00}.Debug|iPhone.Build.0 = Debug|Any CPU
		{5C561933-CBC6-41A2-94B9-48505119CF00}.Debug|iPhoneSimulator.ActiveCfg = Debug|Any CPU
		{5C561933-CBC6-41A2-94B9-48505119CF00}.Debug|iPhoneSimulator.Build.0 = Debug|Any CPU
		{5C561933-CBC6-41A2-94B9-48505119CF00}.Debug|x64.ActiveCfg = Debug|Any CPU
		{5C561933-CBC6-41A2-94B9-48505119CF00}.Debug|x64.Build.0 = Debug|Any CPU
		{5C561933-CBC6-41A2-94B9-48505119CF00}.Debug|x86.ActiveCfg = Debug|Any CPU
		{5C561933-CBC6-41A2-94B9-48505119CF00}.Debug|x86.Build.0 = Debug|Any CPU
		{5C561933-CBC6-41A2-94B9-48505119CF00}.Release|Any CPU.ActiveCfg = Release|Any CPU
		{5C561933-CBC6-41A2-94B9-48505119CF00}.Release|Any CPU.Build.0 = Release|Any CPU
		{5C561933-CBC6-41A2-94B9-48505119CF00}.Release|ARM.ActiveCfg = Release|Any CPU
		{5C561933-CBC6-41A2-94B9-48505119CF00}.Release|ARM.Build.0 = Release|Any CPU
		{5C561933-CBC6-41A2-94B9-48505119CF00}.Release|iPhone.ActiveCfg = Release|Any CPU
		{5C561933-CBC6-41A2-94B9-48505119CF00}.Release|iPhone.Build.0 = Release|Any CPU
		{5C561933-CBC6-41A2-94B9-48505119CF00}.Release|iPhoneSimulator.ActiveCfg = Release|Any CPU
		{5C561933-CBC6-41A2-94B9-48505119CF00}.Release|iPhoneSimulator.Build.0 = Release|Any CPU
		{5C561933-CBC6-41A2-94B9-48505119CF00}.Release|x64.ActiveCfg = Release|Any CPU
		{5C561933-CBC6-41A2-94B9-48505119CF00}.Release|x64.Build.0 = Release|Any CPU
		{5C561933-CBC6-41A2-94B9-48505119CF00}.Release|x86.ActiveCfg = Release|Any CPU
		{5C561933-CBC6-41A2-94B9-48505119CF00}.Release|x86.Build.0 = Release|Any CPU
		{FB93FB08-5F02-45F0-81C5-03B35E16C167}.Ad-Hoc|Any CPU.ActiveCfg = Release|Any CPU
		{FB93FB08-5F02-45F0-81C5-03B35E16C167}.Ad-Hoc|Any CPU.Build.0 = Release|Any CPU
		{FB93FB08-5F02-45F0-81C5-03B35E16C167}.Ad-Hoc|Any CPU.Deploy.0 = Release|Any CPU
		{FB93FB08-5F02-45F0-81C5-03B35E16C167}.Ad-Hoc|ARM.ActiveCfg = Release|Any CPU
		{FB93FB08-5F02-45F0-81C5-03B35E16C167}.Ad-Hoc|ARM.Build.0 = Release|Any CPU
		{FB93FB08-5F02-45F0-81C5-03B35E16C167}.Ad-Hoc|ARM.Deploy.0 = Release|Any CPU
		{FB93FB08-5F02-45F0-81C5-03B35E16C167}.Ad-Hoc|iPhone.ActiveCfg = Release|Any CPU
		{FB93FB08-5F02-45F0-81C5-03B35E16C167}.Ad-Hoc|iPhone.Build.0 = Release|Any CPU
		{FB93FB08-5F02-45F0-81C5-03B35E16C167}.Ad-Hoc|iPhone.Deploy.0 = Release|Any CPU
		{FB93FB08-5F02-45F0-81C5-03B35E16C167}.Ad-Hoc|iPhoneSimulator.ActiveCfg = Release|Any CPU
		{FB93FB08-5F02-45F0-81C5-03B35E16C167}.Ad-Hoc|iPhoneSimulator.Build.0 = Release|Any CPU
		{FB93FB08-5F02-45F0-81C5-03B35E16C167}.Ad-Hoc|iPhoneSimulator.Deploy.0 = Release|Any CPU
		{FB93FB08-5F02-45F0-81C5-03B35E16C167}.Ad-Hoc|x64.ActiveCfg = Release|Any CPU
		{FB93FB08-5F02-45F0-81C5-03B35E16C167}.Ad-Hoc|x64.Build.0 = Release|Any CPU
		{FB93FB08-5F02-45F0-81C5-03B35E16C167}.Ad-Hoc|x64.Deploy.0 = Release|Any CPU
		{FB93FB08-5F02-45F0-81C5-03B35E16C167}.Ad-Hoc|x86.ActiveCfg = Release|Any CPU
		{FB93FB08-5F02-45F0-81C5-03B35E16C167}.Ad-Hoc|x86.Build.0 = Release|Any CPU
		{FB93FB08-5F02-45F0-81C5-03B35E16C167}.Ad-Hoc|x86.Deploy.0 = Release|Any CPU
		{FB93FB08-5F02-45F0-81C5-03B35E16C167}.AppStore|Any CPU.ActiveCfg = Release|Any CPU
		{FB93FB08-5F02-45F0-81C5-03B35E16C167}.AppStore|Any CPU.Build.0 = Release|Any CPU
		{FB93FB08-5F02-45F0-81C5-03B35E16C167}.AppStore|Any CPU.Deploy.0 = Release|Any CPU
		{FB93FB08-5F02-45F0-81C5-03B35E16C167}.AppStore|ARM.ActiveCfg = Release|Any CPU
		{FB93FB08-5F02-45F0-81C5-03B35E16C167}.AppStore|ARM.Build.0 = Release|Any CPU
		{FB93FB08-5F02-45F0-81C5-03B35E16C167}.AppStore|ARM.Deploy.0 = Release|Any CPU
		{FB93FB08-5F02-45F0-81C5-03B35E16C167}.AppStore|iPhone.ActiveCfg = Release|Any CPU
		{FB93FB08-5F02-45F0-81C5-03B35E16C167}.AppStore|iPhone.Build.0 = Release|Any CPU
		{FB93FB08-5F02-45F0-81C5-03B35E16C167}.AppStore|iPhone.Deploy.0 = Release|Any CPU
		{FB93FB08-5F02-45F0-81C5-03B35E16C167}.AppStore|iPhoneSimulator.ActiveCfg = Release|Any CPU
		{FB93FB08-5F02-45F0-81C5-03B35E16C167}.AppStore|iPhoneSimulator.Build.0 = Release|Any CPU
		{FB93FB08-5F02-45F0-81C5-03B35E16C167}.AppStore|iPhoneSimulator.Deploy.0 = Release|Any CPU
		{FB93FB08-5F02-45F0-81C5-03B35E16C167}.AppStore|x64.ActiveCfg = Release|Any CPU
		{FB93FB08-5F02-45F0-81C5-03B35E16C167}.AppStore|x64.Build.0 = Release|Any CPU
		{FB93FB08-5F02-45F0-81C5-03B35E16C167}.AppStore|x64.Deploy.0 = Release|Any CPU
		{FB93FB08-5F02-45F0-81C5-03B35E16C167}.AppStore|x86.ActiveCfg = Release|Any CPU
		{FB93FB08-5F02-45F0-81C5-03B35E16C167}.AppStore|x86.Build.0 = Release|Any CPU
		{FB93FB08-5F02-45F0-81C5-03B35E16C167}.AppStore|x86.Deploy.0 = Release|Any CPU
		{FB93FB08-5F02-45F0-81C5-03B35E16C167}.Debug|Any CPU.ActiveCfg = Debug|Any CPU
		{FB93FB08-5F02-45F0-81C5-03B35E16C167}.Debug|Any CPU.Build.0 = Debug|Any CPU
		{FB93FB08-5F02-45F0-81C5-03B35E16C167}.Debug|Any CPU.Deploy.0 = Debug|Any CPU
		{FB93FB08-5F02-45F0-81C5-03B35E16C167}.Debug|ARM.ActiveCfg = Debug|Any CPU
		{FB93FB08-5F02-45F0-81C5-03B35E16C167}.Debug|ARM.Build.0 = Debug|Any CPU
		{FB93FB08-5F02-45F0-81C5-03B35E16C167}.Debug|ARM.Deploy.0 = Debug|Any CPU
		{FB93FB08-5F02-45F0-81C5-03B35E16C167}.Debug|iPhone.ActiveCfg = Debug|Any CPU
		{FB93FB08-5F02-45F0-81C5-03B35E16C167}.Debug|iPhone.Build.0 = Debug|Any CPU
		{FB93FB08-5F02-45F0-81C5-03B35E16C167}.Debug|iPhone.Deploy.0 = Debug|Any CPU
		{FB93FB08-5F02-45F0-81C5-03B35E16C167}.Debug|iPhoneSimulator.ActiveCfg = Debug|Any CPU
		{FB93FB08-5F02-45F0-81C5-03B35E16C167}.Debug|iPhoneSimulator.Build.0 = Debug|Any CPU
		{FB93FB08-5F02-45F0-81C5-03B35E16C167}.Debug|iPhoneSimulator.Deploy.0 = Debug|Any CPU
		{FB93FB08-5F02-45F0-81C5-03B35E16C167}.Debug|x64.ActiveCfg = Debug|Any CPU
		{FB93FB08-5F02-45F0-81C5-03B35E16C167}.Debug|x64.Build.0 = Debug|Any CPU
		{FB93FB08-5F02-45F0-81C5-03B35E16C167}.Debug|x64.Deploy.0 = Debug|Any CPU
		{FB93FB08-5F02-45F0-81C5-03B35E16C167}.Debug|x86.ActiveCfg = Debug|Any CPU
		{FB93FB08-5F02-45F0-81C5-03B35E16C167}.Debug|x86.Build.0 = Debug|Any CPU
		{FB93FB08-5F02-45F0-81C5-03B35E16C167}.Debug|x86.Deploy.0 = Debug|Any CPU
		{FB93FB08-5F02-45F0-81C5-03B35E16C167}.Release|Any CPU.ActiveCfg = Release|Any CPU
		{FB93FB08-5F02-45F0-81C5-03B35E16C167}.Release|Any CPU.Build.0 = Release|Any CPU
		{FB93FB08-5F02-45F0-81C5-03B35E16C167}.Release|Any CPU.Deploy.0 = Release|Any CPU
		{FB93FB08-5F02-45F0-81C5-03B35E16C167}.Release|ARM.ActiveCfg = Release|Any CPU
		{FB93FB08-5F02-45F0-81C5-03B35E16C167}.Release|ARM.Build.0 = Release|Any CPU
		{FB93FB08-5F02-45F0-81C5-03B35E16C167}.Release|ARM.Deploy.0 = Release|Any CPU
		{FB93FB08-5F02-45F0-81C5-03B35E16C167}.Release|iPhone.ActiveCfg = Release|Any CPU
		{FB93FB08-5F02-45F0-81C5-03B35E16C167}.Release|iPhone.Build.0 = Release|Any CPU
		{FB93FB08-5F02-45F0-81C5-03B35E16C167}.Release|iPhone.Deploy.0 = Release|Any CPU
		{FB93FB08-5F02-45F0-81C5-03B35E16C167}.Release|iPhoneSimulator.ActiveCfg = Release|Any CPU
		{FB93FB08-5F02-45F0-81C5-03B35E16C167}.Release|iPhoneSimulator.Build.0 = Release|Any CPU
		{FB93FB08-5F02-45F0-81C5-03B35E16C167}.Release|iPhoneSimulator.Deploy.0 = Release|Any CPU
		{FB93FB08-5F02-45F0-81C5-03B35E16C167}.Release|x64.ActiveCfg = Release|Any CPU
		{FB93FB08-5F02-45F0-81C5-03B35E16C167}.Release|x64.Build.0 = Release|Any CPU
		{FB93FB08-5F02-45F0-81C5-03B35E16C167}.Release|x64.Deploy.0 = Release|Any CPU
		{FB93FB08-5F02-45F0-81C5-03B35E16C167}.Release|x86.ActiveCfg = Release|Any CPU
		{FB93FB08-5F02-45F0-81C5-03B35E16C167}.Release|x86.Build.0 = Release|Any CPU
		{FB93FB08-5F02-45F0-81C5-03B35E16C167}.Release|x86.Deploy.0 = Release|Any CPU
		{2C88587E-3886-4AC1-8528-2CD303AA8089}.Ad-Hoc|Any CPU.ActiveCfg = Ad-Hoc|iPhone
		{2C88587E-3886-4AC1-8528-2CD303AA8089}.Ad-Hoc|ARM.ActiveCfg = Ad-Hoc|iPhone
		{2C88587E-3886-4AC1-8528-2CD303AA8089}.Ad-Hoc|iPhone.ActiveCfg = Ad-Hoc|iPhone
		{2C88587E-3886-4AC1-8528-2CD303AA8089}.Ad-Hoc|iPhone.Build.0 = Ad-Hoc|iPhone
		{2C88587E-3886-4AC1-8528-2CD303AA8089}.Ad-Hoc|iPhoneSimulator.ActiveCfg = Ad-Hoc|iPhoneSimulator
		{2C88587E-3886-4AC1-8528-2CD303AA8089}.Ad-Hoc|iPhoneSimulator.Build.0 = Ad-Hoc|iPhoneSimulator
		{2C88587E-3886-4AC1-8528-2CD303AA8089}.Ad-Hoc|x64.ActiveCfg = Ad-Hoc|iPhone
		{2C88587E-3886-4AC1-8528-2CD303AA8089}.Ad-Hoc|x86.ActiveCfg = Ad-Hoc|iPhone
		{2C88587E-3886-4AC1-8528-2CD303AA8089}.AppStore|Any CPU.ActiveCfg = AppStore|iPhone
		{2C88587E-3886-4AC1-8528-2CD303AA8089}.AppStore|ARM.ActiveCfg = AppStore|iPhone
		{2C88587E-3886-4AC1-8528-2CD303AA8089}.AppStore|iPhone.ActiveCfg = AppStore|iPhone
		{2C88587E-3886-4AC1-8528-2CD303AA8089}.AppStore|iPhone.Build.0 = AppStore|iPhone
		{2C88587E-3886-4AC1-8528-2CD303AA8089}.AppStore|iPhoneSimulator.ActiveCfg = AppStore|iPhoneSimulator
		{2C88587E-3886-4AC1-8528-2CD303AA8089}.AppStore|iPhoneSimulator.Build.0 = AppStore|iPhoneSimulator
		{2C88587E-3886-4AC1-8528-2CD303AA8089}.AppStore|x64.ActiveCfg = AppStore|iPhone
		{2C88587E-3886-4AC1-8528-2CD303AA8089}.AppStore|x86.ActiveCfg = AppStore|iPhone
		{2C88587E-3886-4AC1-8528-2CD303AA8089}.Debug|Any CPU.ActiveCfg = Debug|iPhone
		{2C88587E-3886-4AC1-8528-2CD303AA8089}.Debug|ARM.ActiveCfg = Debug|iPhone
		{2C88587E-3886-4AC1-8528-2CD303AA8089}.Debug|iPhone.ActiveCfg = Debug|iPhone
		{2C88587E-3886-4AC1-8528-2CD303AA8089}.Debug|iPhone.Build.0 = Debug|iPhone
		{2C88587E-3886-4AC1-8528-2CD303AA8089}.Debug|iPhoneSimulator.ActiveCfg = Debug|iPhoneSimulator
		{2C88587E-3886-4AC1-8528-2CD303AA8089}.Debug|iPhoneSimulator.Build.0 = Debug|iPhoneSimulator
		{2C88587E-3886-4AC1-8528-2CD303AA8089}.Debug|x64.ActiveCfg = Debug|iPhone
		{2C88587E-3886-4AC1-8528-2CD303AA8089}.Debug|x86.ActiveCfg = Debug|iPhone
		{2C88587E-3886-4AC1-8528-2CD303AA8089}.Release|Any CPU.ActiveCfg = Release|iPhone
		{2C88587E-3886-4AC1-8528-2CD303AA8089}.Release|ARM.ActiveCfg = Release|iPhone
		{2C88587E-3886-4AC1-8528-2CD303AA8089}.Release|iPhone.ActiveCfg = Release|iPhone
		{2C88587E-3886-4AC1-8528-2CD303AA8089}.Release|iPhone.Build.0 = Release|iPhone
		{2C88587E-3886-4AC1-8528-2CD303AA8089}.Release|iPhoneSimulator.ActiveCfg = Release|iPhoneSimulator
		{2C88587E-3886-4AC1-8528-2CD303AA8089}.Release|iPhoneSimulator.Build.0 = Release|iPhoneSimulator
		{2C88587E-3886-4AC1-8528-2CD303AA8089}.Release|x64.ActiveCfg = Release|iPhone
		{2C88587E-3886-4AC1-8528-2CD303AA8089}.Release|x86.ActiveCfg = Release|iPhone
		{11E99F89-3FCF-4042-A626-F2780246B143}.Ad-Hoc|Any CPU.ActiveCfg = Release|Any CPU
		{11E99F89-3FCF-4042-A626-F2780246B143}.Ad-Hoc|Any CPU.Build.0 = Release|Any CPU
		{11E99F89-3FCF-4042-A626-F2780246B143}.Ad-Hoc|Any CPU.Deploy.0 = Release|Any CPU
		{11E99F89-3FCF-4042-A626-F2780246B143}.Ad-Hoc|ARM.ActiveCfg = Release|ARM
		{11E99F89-3FCF-4042-A626-F2780246B143}.Ad-Hoc|ARM.Build.0 = Release|ARM
		{11E99F89-3FCF-4042-A626-F2780246B143}.Ad-Hoc|ARM.Deploy.0 = Release|ARM
		{11E99F89-3FCF-4042-A626-F2780246B143}.Ad-Hoc|iPhone.ActiveCfg = Release|Any CPU
		{11E99F89-3FCF-4042-A626-F2780246B143}.Ad-Hoc|iPhone.Build.0 = Release|Any CPU
		{11E99F89-3FCF-4042-A626-F2780246B143}.Ad-Hoc|iPhone.Deploy.0 = Release|Any CPU
		{11E99F89-3FCF-4042-A626-F2780246B143}.Ad-Hoc|iPhoneSimulator.ActiveCfg = Release|Any CPU
		{11E99F89-3FCF-4042-A626-F2780246B143}.Ad-Hoc|iPhoneSimulator.Build.0 = Release|Any CPU
		{11E99F89-3FCF-4042-A626-F2780246B143}.Ad-Hoc|iPhoneSimulator.Deploy.0 = Release|Any CPU
		{11E99F89-3FCF-4042-A626-F2780246B143}.Ad-Hoc|x64.ActiveCfg = Release|Any CPU
		{11E99F89-3FCF-4042-A626-F2780246B143}.Ad-Hoc|x64.Build.0 = Release|Any CPU
		{11E99F89-3FCF-4042-A626-F2780246B143}.Ad-Hoc|x64.Deploy.0 = Release|Any CPU
		{11E99F89-3FCF-4042-A626-F2780246B143}.Ad-Hoc|x86.ActiveCfg = Release|x86
		{11E99F89-3FCF-4042-A626-F2780246B143}.Ad-Hoc|x86.Build.0 = Release|x86
		{11E99F89-3FCF-4042-A626-F2780246B143}.Ad-Hoc|x86.Deploy.0 = Release|x86
		{11E99F89-3FCF-4042-A626-F2780246B143}.AppStore|Any CPU.ActiveCfg = Release|Any CPU
		{11E99F89-3FCF-4042-A626-F2780246B143}.AppStore|Any CPU.Build.0 = Release|Any CPU
		{11E99F89-3FCF-4042-A626-F2780246B143}.AppStore|Any CPU.Deploy.0 = Release|Any CPU
		{11E99F89-3FCF-4042-A626-F2780246B143}.AppStore|ARM.ActiveCfg = Release|ARM
		{11E99F89-3FCF-4042-A626-F2780246B143}.AppStore|ARM.Build.0 = Release|ARM
		{11E99F89-3FCF-4042-A626-F2780246B143}.AppStore|ARM.Deploy.0 = Release|ARM
		{11E99F89-3FCF-4042-A626-F2780246B143}.AppStore|iPhone.ActiveCfg = Release|Any CPU
		{11E99F89-3FCF-4042-A626-F2780246B143}.AppStore|iPhone.Build.0 = Release|Any CPU
		{11E99F89-3FCF-4042-A626-F2780246B143}.AppStore|iPhone.Deploy.0 = Release|Any CPU
		{11E99F89-3FCF-4042-A626-F2780246B143}.AppStore|iPhoneSimulator.ActiveCfg = Release|Any CPU
		{11E99F89-3FCF-4042-A626-F2780246B143}.AppStore|iPhoneSimulator.Build.0 = Release|Any CPU
		{11E99F89-3FCF-4042-A626-F2780246B143}.AppStore|iPhoneSimulator.Deploy.0 = Release|Any CPU
		{11E99F89-3FCF-4042-A626-F2780246B143}.AppStore|x64.ActiveCfg = Release|Any CPU
		{11E99F89-3FCF-4042-A626-F2780246B143}.AppStore|x64.Build.0 = Release|Any CPU
		{11E99F89-3FCF-4042-A626-F2780246B143}.AppStore|x64.Deploy.0 = Release|Any CPU
		{11E99F89-3FCF-4042-A626-F2780246B143}.AppStore|x86.ActiveCfg = Release|x86
		{11E99F89-3FCF-4042-A626-F2780246B143}.AppStore|x86.Build.0 = Release|x86
		{11E99F89-3FCF-4042-A626-F2780246B143}.AppStore|x86.Deploy.0 = Release|x86
		{11E99F89-3FCF-4042-A626-F2780246B143}.Debug|Any CPU.ActiveCfg = Debug|Any CPU
		{11E99F89-3FCF-4042-A626-F2780246B143}.Debug|Any CPU.Build.0 = Debug|Any CPU
		{11E99F89-3FCF-4042-A626-F2780246B143}.Debug|Any CPU.Deploy.0 = Debug|Any CPU
		{11E99F89-3FCF-4042-A626-F2780246B143}.Debug|ARM.ActiveCfg = Debug|ARM
		{11E99F89-3FCF-4042-A626-F2780246B143}.Debug|ARM.Build.0 = Debug|ARM
		{11E99F89-3FCF-4042-A626-F2780246B143}.Debug|ARM.Deploy.0 = Debug|ARM
		{11E99F89-3FCF-4042-A626-F2780246B143}.Debug|iPhone.ActiveCfg = Debug|Any CPU
		{11E99F89-3FCF-4042-A626-F2780246B143}.Debug|iPhone.Build.0 = Debug|Any CPU
		{11E99F89-3FCF-4042-A626-F2780246B143}.Debug|iPhone.Deploy.0 = Debug|Any CPU
		{11E99F89-3FCF-4042-A626-F2780246B143}.Debug|iPhoneSimulator.ActiveCfg = Debug|Any CPU
		{11E99F89-3FCF-4042-A626-F2780246B143}.Debug|iPhoneSimulator.Build.0 = Debug|Any CPU
		{11E99F89-3FCF-4042-A626-F2780246B143}.Debug|iPhoneSimulator.Deploy.0 = Debug|Any CPU
		{11E99F89-3FCF-4042-A626-F2780246B143}.Debug|x64.ActiveCfg = Debug|Any CPU
		{11E99F89-3FCF-4042-A626-F2780246B143}.Debug|x64.Build.0 = Debug|Any CPU
		{11E99F89-3FCF-4042-A626-F2780246B143}.Debug|x64.Deploy.0 = Debug|Any CPU
		{11E99F89-3FCF-4042-A626-F2780246B143}.Debug|x86.ActiveCfg = Debug|x86
		{11E99F89-3FCF-4042-A626-F2780246B143}.Debug|x86.Build.0 = Debug|x86
		{11E99F89-3FCF-4042-A626-F2780246B143}.Debug|x86.Deploy.0 = Debug|x86
		{11E99F89-3FCF-4042-A626-F2780246B143}.Release|Any CPU.ActiveCfg = Release|Any CPU
		{11E99F89-3FCF-4042-A626-F2780246B143}.Release|Any CPU.Build.0 = Release|Any CPU
		{11E99F89-3FCF-4042-A626-F2780246B143}.Release|Any CPU.Deploy.0 = Release|Any CPU
		{11E99F89-3FCF-4042-A626-F2780246B143}.Release|ARM.ActiveCfg = Release|ARM
		{11E99F89-3FCF-4042-A626-F2780246B143}.Release|ARM.Build.0 = Release|ARM
		{11E99F89-3FCF-4042-A626-F2780246B143}.Release|ARM.Deploy.0 = Release|ARM
		{11E99F89-3FCF-4042-A626-F2780246B143}.Release|iPhone.ActiveCfg = Release|Any CPU
		{11E99F89-3FCF-4042-A626-F2780246B143}.Release|iPhone.Build.0 = Release|Any CPU
		{11E99F89-3FCF-4042-A626-F2780246B143}.Release|iPhone.Deploy.0 = Release|Any CPU
		{11E99F89-3FCF-4042-A626-F2780246B143}.Release|iPhoneSimulator.ActiveCfg = Release|Any CPU
		{11E99F89-3FCF-4042-A626-F2780246B143}.Release|iPhoneSimulator.Build.0 = Release|Any CPU
		{11E99F89-3FCF-4042-A626-F2780246B143}.Release|iPhoneSimulator.Deploy.0 = Release|Any CPU
		{11E99F89-3FCF-4042-A626-F2780246B143}.Release|x64.ActiveCfg = Release|Any CPU
		{11E99F89-3FCF-4042-A626-F2780246B143}.Release|x64.Build.0 = Release|Any CPU
		{11E99F89-3FCF-4042-A626-F2780246B143}.Release|x64.Deploy.0 = Release|Any CPU
		{11E99F89-3FCF-4042-A626-F2780246B143}.Release|x86.ActiveCfg = Release|x86
		{11E99F89-3FCF-4042-A626-F2780246B143}.Release|x86.Build.0 = Release|x86
		{11E99F89-3FCF-4042-A626-F2780246B143}.Release|x86.Deploy.0 = Release|x86
		{BFB20963-083B-40C1-804B-953FEB99550B}.Ad-Hoc|Any CPU.ActiveCfg = Release|Any CPU
		{BFB20963-083B-40C1-804B-953FEB99550B}.Ad-Hoc|Any CPU.Build.0 = Release|Any CPU
		{BFB20963-083B-40C1-804B-953FEB99550B}.Ad-Hoc|Any CPU.Deploy.0 = Release|Any CPU
		{BFB20963-083B-40C1-804B-953FEB99550B}.Ad-Hoc|ARM.ActiveCfg = Release|ARM
		{BFB20963-083B-40C1-804B-953FEB99550B}.Ad-Hoc|ARM.Build.0 = Release|ARM
		{BFB20963-083B-40C1-804B-953FEB99550B}.Ad-Hoc|ARM.Deploy.0 = Release|ARM
		{BFB20963-083B-40C1-804B-953FEB99550B}.Ad-Hoc|iPhone.ActiveCfg = Release|Any CPU
		{BFB20963-083B-40C1-804B-953FEB99550B}.Ad-Hoc|iPhone.Build.0 = Release|Any CPU
		{BFB20963-083B-40C1-804B-953FEB99550B}.Ad-Hoc|iPhone.Deploy.0 = Release|Any CPU
		{BFB20963-083B-40C1-804B-953FEB99550B}.Ad-Hoc|iPhoneSimulator.ActiveCfg = Release|Any CPU
		{BFB20963-083B-40C1-804B-953FEB99550B}.Ad-Hoc|iPhoneSimulator.Build.0 = Release|Any CPU
		{BFB20963-083B-40C1-804B-953FEB99550B}.Ad-Hoc|iPhoneSimulator.Deploy.0 = Release|Any CPU
		{BFB20963-083B-40C1-804B-953FEB99550B}.Ad-Hoc|x64.ActiveCfg = Release|x64
		{BFB20963-083B-40C1-804B-953FEB99550B}.Ad-Hoc|x64.Build.0 = Release|x64
		{BFB20963-083B-40C1-804B-953FEB99550B}.Ad-Hoc|x64.Deploy.0 = Release|x64
		{BFB20963-083B-40C1-804B-953FEB99550B}.Ad-Hoc|x86.ActiveCfg = Release|x86
		{BFB20963-083B-40C1-804B-953FEB99550B}.Ad-Hoc|x86.Build.0 = Release|x86
		{BFB20963-083B-40C1-804B-953FEB99550B}.Ad-Hoc|x86.Deploy.0 = Release|x86
		{BFB20963-083B-40C1-804B-953FEB99550B}.AppStore|Any CPU.ActiveCfg = Release|Any CPU
		{BFB20963-083B-40C1-804B-953FEB99550B}.AppStore|Any CPU.Build.0 = Release|Any CPU
		{BFB20963-083B-40C1-804B-953FEB99550B}.AppStore|Any CPU.Deploy.0 = Release|Any CPU
		{BFB20963-083B-40C1-804B-953FEB99550B}.AppStore|ARM.ActiveCfg = Release|ARM
		{BFB20963-083B-40C1-804B-953FEB99550B}.AppStore|ARM.Build.0 = Release|ARM
		{BFB20963-083B-40C1-804B-953FEB99550B}.AppStore|ARM.Deploy.0 = Release|ARM
		{BFB20963-083B-40C1-804B-953FEB99550B}.AppStore|iPhone.ActiveCfg = Release|Any CPU
		{BFB20963-083B-40C1-804B-953FEB99550B}.AppStore|iPhone.Build.0 = Release|Any CPU
		{BFB20963-083B-40C1-804B-953FEB99550B}.AppStore|iPhone.Deploy.0 = Release|Any CPU
		{BFB20963-083B-40C1-804B-953FEB99550B}.AppStore|iPhoneSimulator.ActiveCfg = Release|Any CPU
		{BFB20963-083B-40C1-804B-953FEB99550B}.AppStore|iPhoneSimulator.Build.0 = Release|Any CPU
		{BFB20963-083B-40C1-804B-953FEB99550B}.AppStore|iPhoneSimulator.Deploy.0 = Release|Any CPU
		{BFB20963-083B-40C1-804B-953FEB99550B}.AppStore|x64.ActiveCfg = Release|x64
		{BFB20963-083B-40C1-804B-953FEB99550B}.AppStore|x64.Build.0 = Release|x64
		{BFB20963-083B-40C1-804B-953FEB99550B}.AppStore|x64.Deploy.0 = Release|x64
		{BFB20963-083B-40C1-804B-953FEB99550B}.AppStore|x86.ActiveCfg = Release|x86
		{BFB20963-083B-40C1-804B-953FEB99550B}.AppStore|x86.Build.0 = Release|x86
		{BFB20963-083B-40C1-804B-953FEB99550B}.AppStore|x86.Deploy.0 = Release|x86
		{BFB20963-083B-40C1-804B-953FEB99550B}.Debug|Any CPU.ActiveCfg = Debug|Any CPU
		{BFB20963-083B-40C1-804B-953FEB99550B}.Debug|Any CPU.Build.0 = Debug|Any CPU
		{BFB20963-083B-40C1-804B-953FEB99550B}.Debug|Any CPU.Deploy.0 = Debug|Any CPU
		{BFB20963-083B-40C1-804B-953FEB99550B}.Debug|ARM.ActiveCfg = Debug|ARM
		{BFB20963-083B-40C1-804B-953FEB99550B}.Debug|ARM.Build.0 = Debug|ARM
		{BFB20963-083B-40C1-804B-953FEB99550B}.Debug|ARM.Deploy.0 = Debug|ARM
		{BFB20963-083B-40C1-804B-953FEB99550B}.Debug|iPhone.ActiveCfg = Debug|Any CPU
		{BFB20963-083B-40C1-804B-953FEB99550B}.Debug|iPhone.Build.0 = Debug|Any CPU
		{BFB20963-083B-40C1-804B-953FEB99550B}.Debug|iPhone.Deploy.0 = Debug|Any CPU
		{BFB20963-083B-40C1-804B-953FEB99550B}.Debug|iPhoneSimulator.ActiveCfg = Debug|Any CPU
		{BFB20963-083B-40C1-804B-953FEB99550B}.Debug|iPhoneSimulator.Build.0 = Debug|Any CPU
		{BFB20963-083B-40C1-804B-953FEB99550B}.Debug|iPhoneSimulator.Deploy.0 = Debug|Any CPU
		{BFB20963-083B-40C1-804B-953FEB99550B}.Debug|x64.ActiveCfg = Debug|x64
		{BFB20963-083B-40C1-804B-953FEB99550B}.Debug|x64.Build.0 = Debug|x64
		{BFB20963-083B-40C1-804B-953FEB99550B}.Debug|x64.Deploy.0 = Debug|x64
		{BFB20963-083B-40C1-804B-953FEB99550B}.Debug|x86.ActiveCfg = Debug|x86
		{BFB20963-083B-40C1-804B-953FEB99550B}.Debug|x86.Build.0 = Debug|x86
		{BFB20963-083B-40C1-804B-953FEB99550B}.Debug|x86.Deploy.0 = Debug|x86
		{BFB20963-083B-40C1-804B-953FEB99550B}.Release|Any CPU.ActiveCfg = Release|Any CPU
		{BFB20963-083B-40C1-804B-953FEB99550B}.Release|Any CPU.Build.0 = Release|Any CPU
		{BFB20963-083B-40C1-804B-953FEB99550B}.Release|Any CPU.Deploy.0 = Release|Any CPU
		{BFB20963-083B-40C1-804B-953FEB99550B}.Release|ARM.ActiveCfg = Release|ARM
		{BFB20963-083B-40C1-804B-953FEB99550B}.Release|ARM.Build.0 = Release|ARM
		{BFB20963-083B-40C1-804B-953FEB99550B}.Release|ARM.Deploy.0 = Release|ARM
		{BFB20963-083B-40C1-804B-953FEB99550B}.Release|iPhone.ActiveCfg = Release|Any CPU
		{BFB20963-083B-40C1-804B-953FEB99550B}.Release|iPhone.Build.0 = Release|Any CPU
		{BFB20963-083B-40C1-804B-953FEB99550B}.Release|iPhone.Deploy.0 = Release|Any CPU
		{BFB20963-083B-40C1-804B-953FEB99550B}.Release|iPhoneSimulator.ActiveCfg = Release|Any CPU
		{BFB20963-083B-40C1-804B-953FEB99550B}.Release|iPhoneSimulator.Build.0 = Release|Any CPU
		{BFB20963-083B-40C1-804B-953FEB99550B}.Release|iPhoneSimulator.Deploy.0 = Release|Any CPU
		{BFB20963-083B-40C1-804B-953FEB99550B}.Release|x64.ActiveCfg = Release|x64
		{BFB20963-083B-40C1-804B-953FEB99550B}.Release|x64.Build.0 = Release|x64
		{BFB20963-083B-40C1-804B-953FEB99550B}.Release|x64.Deploy.0 = Release|x64
		{BFB20963-083B-40C1-804B-953FEB99550B}.Release|x86.ActiveCfg = Release|x86
		{BFB20963-083B-40C1-804B-953FEB99550B}.Release|x86.Build.0 = Release|x86
		{BFB20963-083B-40C1-804B-953FEB99550B}.Release|x86.Deploy.0 = Release|x86
	EndGlobalSection
	GlobalSection(SolutionProperties) = preSolution
		HideSolutionNode = FALSE
	EndGlobalSection
EndGlobal
